
Microsoft Visual Studio Solution File, Format Version 12.00
# Visual Studio Version 16
VisualStudioVersion = 16.0.30611.23
MinimumVisualStudioVersion = 10.0.40219.1
Project("{9A19103F-16F7-4668-BE54-9A1E7A4F7556}") = "Marketplace", "Marketplace\Marketplace.csproj", "{AE0CF907-F0AC-4462-BC38-E88AD2D3921B}"
EndProject
Project("{9A19103F-16F7-4668-BE54-9A1E7A4F7556}") = "Marketplace.Domain", "Marketplace.Domain\Marketplace.Domain.csproj", "{AD477131-DFD9-4CF1-A42F-7B932148B4AD}"
EndProject
Project("{9A19103F-16F7-4668-BE54-9A1E7A4F7556}") = "Marketplace.Tests", "Marketplace.Tests\Marketplace.Tests.csproj", "{F682B8F9-A43B-4D6D-BECE-4F45767A026A}"
EndProject
Project("{9A19103F-16F7-4668-BE54-9A1E7A4F7556}") = "Marketplace.Framework", "Marketplace.Framework\Marketplace.Framework.csproj", "{FEE71FF8-559C-40CC-9AF5-1E4051EE9C7C}"
EndProject
Project("{2150E333-8FDC-42A3-9474-1A3956D46DE8}") = "Solution Items", "Solution Items", "{99E60ED9-65B1-455F-B5F5-C5A74B98C818}"
	ProjectSection(SolutionItems) = preProject
		README.md = README.md
	EndProjectSection
EndProject
Global
	GlobalSection(SolutionConfigurationPlatforms) = preSolution
		Debug|Any CPU = Debug|Any CPU
		Release|Any CPU = Release|Any CPU
	EndGlobalSection
	GlobalSection(ProjectConfigurationPlatforms) = postSolution
		{AE0CF907-F0AC-4462-BC38-E88AD2D3921B}.Debug|Any CPU.ActiveCfg = Debug|Any CPU
		{AE0CF907-F0AC-4462-BC38-E88AD2D3921B}.Debug|Any CPU.Build.0 = Debug|Any CPU
		{AE0CF907-F0AC-4462-BC38-E88AD2D3921B}.Release|Any CPU.ActiveCfg = Release|Any CPU
		{AE0CF907-F0AC-4462-BC38-E88AD2D3921B}.Release|Any CPU.Build.0 = Release|Any CPU
		{AD477131-DFD9-4CF1-A42F-7B932148B4AD}.Debug|Any CPU.ActiveCfg = Debug|Any CPU
		{AD477131-DFD9-4CF1-A42F-7B932148B4AD}.Debug|Any CPU.Build.0 = Debug|Any CPU
		{AD477131-DFD9-4CF1-A42F-7B932148B4AD}.Release|Any CPU.ActiveCfg = Release|Any CPU
		{AD477131-DFD9-4CF1-A42F-7B932148B4AD}.Release|Any CPU.Build.0 = Release|Any CPU
		{F682B8F9-A43B-4D6D-BECE-4F45767A026A}.Debug|Any CPU.ActiveCfg = Debug|Any CPU
		{F682B8F9-A43B-4D6D-BECE-4F45767A026A}.Debug|Any CPU.Build.0 = Debug|Any CPU
		{F682B8F9-A43B-4D6D-BECE-4F45767A026A}.Release|Any CPU.ActiveCfg = Release|Any CPU
		{F682B8F9-A43B-4D6D-BECE-4F45767A026A}.Release|Any CPU.Build.0 = Release|Any CPU
		{FEE71FF8-559C-40CC-9AF5-1E4051EE9C7C}.Debug|Any CPU.ActiveCfg = Debug|Any CPU
		{FEE71FF8-559C-40CC-9AF5-1E4051EE9C7C}.Debug|Any CPU.Build.0 = Debug|Any CPU
		{FEE71FF8-559C-40CC-9AF5-1E4051EE9C7C}.Release|Any CPU.ActiveCfg = Release|Any CPU
		{FEE71FF8-559C-40CC-9AF5-1E4051EE9C7C}.Release|Any CPU.Build.0 = Release|Any CPU
	EndGlobalSection
	GlobalSection(SolutionProperties) = preSolution
		HideSolutionNode = FALSE
	EndGlobalSection
	GlobalSection(ExtensibilityGlobals) = postSolution
		SolutionGuid = {46460EFA-4A74-4FAC-88D5-C85ADF6D0FEC}
	EndGlobalSection
EndGlobal
